// !$*UTF8*$!
{
	archiveVersion = 1;
	classes = {
	};
	objectVersion = 50;
	objects = {

/* Begin PBXBuildFile section */
		05AD2A17240767E30051AC59 /* AdLibCreatorViewController.swift in Sources */ = {isa = PBXBuildFile; fileRef = 05AD2A16240767E30051AC59 /* AdLibCreatorViewController.swift */; };
		05AD2A1924076A880051AC59 /* StorySelector.swift in Sources */ = {isa = PBXBuildFile; fileRef = 05AD2A1824076A880051AC59 /* StorySelector.swift */; };
		05AD2A1B24076E0C0051AC59 /* AdLib.swift in Sources */ = {isa = PBXBuildFile; fileRef = 05AD2A1A24076E0C0051AC59 /* AdLib.swift */; };
		05AD2A1D24076E2D0051AC59 /* AdLibController.swift in Sources */ = {isa = PBXBuildFile; fileRef = 05AD2A1C24076E2D0051AC59 /* AdLibController.swift */; };
		05AD2A1F24077BD80051AC59 /* StoryViewController.swift in Sources */ = {isa = PBXBuildFile; fileRef = 05AD2A1E24077BD80051AC59 /* StoryViewController.swift */; };
		38AF8E862406FCC400608D01 /* AppDelegate.swift in Sources */ = {isa = PBXBuildFile; fileRef = 38AF8E852406FCC400608D01 /* AppDelegate.swift */; };
		38AF8E882406FCC400608D01 /* SceneDelegate.swift in Sources */ = {isa = PBXBuildFile; fileRef = 38AF8E872406FCC400608D01 /* SceneDelegate.swift */; };
		38AF8E8A2406FCC400608D01 /* AdLibsViewController.swift in Sources */ = {isa = PBXBuildFile; fileRef = 38AF8E892406FCC400608D01 /* AdLibsViewController.swift */; };
		38AF8E8D2406FCC400608D01 /* Main.storyboard in Resources */ = {isa = PBXBuildFile; fileRef = 38AF8E8B2406FCC400608D01 /* Main.storyboard */; };
		38AF8E8F2406FCC600608D01 /* Assets.xcassets in Resources */ = {isa = PBXBuildFile; fileRef = 38AF8E8E2406FCC600608D01 /* Assets.xcassets */; };
		38AF8E922406FCC600608D01 /* LaunchScreen.storyboard in Resources */ = {isa = PBXBuildFile; fileRef = 38AF8E902406FCC600608D01 /* LaunchScreen.storyboard */; };
		38AF8E9A24070B6200608D01 /* SettingsViewController.swift in Sources */ = {isa = PBXBuildFile; fileRef = 38AF8E9924070B6200608D01 /* SettingsViewController.swift */; };
		38AF8E9C24070F6100608D01 /* String+UserDefaults.swift in Sources */ = {isa = PBXBuildFile; fileRef = 38AF8E9B24070F6100608D01 /* String+UserDefaults.swift */; };
		38AF8EA024070FAF00608D01 /* ThemeHelper.swift in Sources */ = {isa = PBXBuildFile; fileRef = 38AF8E9F24070FAF00608D01 /* ThemeHelper.swift */; };
		38AF8EA524086A0800608D01 /* AdLibBookCollectionViewController.swift in Sources */ = {isa = PBXBuildFile; fileRef = 38AF8EA424086A0800608D01 /* AdLibBookCollectionViewController.swift */; };
		38AF8EA724086A2400608D01 /* AdLibBookCollectionViewCell.swift in Sources */ = {isa = PBXBuildFile; fileRef = 38AF8EA624086A2400608D01 /* AdLibBookCollectionViewCell.swift */; };
/* End PBXBuildFile section */

/* Begin PBXFileReference section */
		05AD2A16240767E30051AC59 /* AdLibCreatorViewController.swift */ = {isa = PBXFileReference; lastKnownFileType = sourcecode.swift; path = AdLibCreatorViewController.swift; sourceTree = "<group>"; };
		05AD2A1824076A880051AC59 /* StorySelector.swift */ = {isa = PBXFileReference; lastKnownFileType = sourcecode.swift; path = StorySelector.swift; sourceTree = "<group>"; };
		05AD2A1A24076E0C0051AC59 /* AdLib.swift */ = {isa = PBXFileReference; lastKnownFileType = sourcecode.swift; path = AdLib.swift; sourceTree = "<group>"; };
		05AD2A1C24076E2D0051AC59 /* AdLibController.swift */ = {isa = PBXFileReference; lastKnownFileType = sourcecode.swift; path = AdLibController.swift; sourceTree = "<group>"; };
		05AD2A1E24077BD80051AC59 /* StoryViewController.swift */ = {isa = PBXFileReference; lastKnownFileType = sourcecode.swift; path = StoryViewController.swift; sourceTree = "<group>"; };
		38AF8E822406FCC400608D01 /* AdLibs.app */ = {isa = PBXFileReference; explicitFileType = wrapper.application; includeInIndex = 0; path = AdLibs.app; sourceTree = BUILT_PRODUCTS_DIR; };
		38AF8E852406FCC400608D01 /* AppDelegate.swift */ = {isa = PBXFileReference; lastKnownFileType = sourcecode.swift; path = AppDelegate.swift; sourceTree = "<group>"; };
		38AF8E872406FCC400608D01 /* SceneDelegate.swift */ = {isa = PBXFileReference; lastKnownFileType = sourcecode.swift; path = SceneDelegate.swift; sourceTree = "<group>"; };
		38AF8E892406FCC400608D01 /* AdLibsViewController.swift */ = {isa = PBXFileReference; lastKnownFileType = sourcecode.swift; path = AdLibsViewController.swift; sourceTree = "<group>"; };
		38AF8E8C2406FCC400608D01 /* Base */ = {isa = PBXFileReference; lastKnownFileType = file.storyboard; name = Base; path = Base.lproj/Main.storyboard; sourceTree = "<group>"; };
		38AF8E8E2406FCC600608D01 /* Assets.xcassets */ = {isa = PBXFileReference; lastKnownFileType = folder.assetcatalog; path = Assets.xcassets; sourceTree = "<group>"; };
		38AF8E912406FCC600608D01 /* Base */ = {isa = PBXFileReference; lastKnownFileType = file.storyboard; name = Base; path = Base.lproj/LaunchScreen.storyboard; sourceTree = "<group>"; };
		38AF8E932406FCC600608D01 /* Info.plist */ = {isa = PBXFileReference; lastKnownFileType = text.plist.xml; path = Info.plist; sourceTree = "<group>"; };
		38AF8E9924070B6200608D01 /* SettingsViewController.swift */ = {isa = PBXFileReference; lastKnownFileType = sourcecode.swift; path = SettingsViewController.swift; sourceTree = "<group>"; };
		38AF8E9B24070F6100608D01 /* String+UserDefaults.swift */ = {isa = PBXFileReference; lastKnownFileType = sourcecode.swift; path = "String+UserDefaults.swift"; sourceTree = "<group>"; };
		38AF8E9F24070FAF00608D01 /* ThemeHelper.swift */ = {isa = PBXFileReference; lastKnownFileType = sourcecode.swift; path = ThemeHelper.swift; sourceTree = "<group>"; };
		38AF8EA424086A0800608D01 /* AdLibBookCollectionViewController.swift */ = {isa = PBXFileReference; lastKnownFileType = sourcecode.swift; path = AdLibBookCollectionViewController.swift; sourceTree = "<group>"; };
		38AF8EA624086A2400608D01 /* AdLibBookCollectionViewCell.swift */ = {isa = PBXFileReference; lastKnownFileType = sourcecode.swift; path = AdLibBookCollectionViewCell.swift; sourceTree = "<group>"; };
/* End PBXFileReference section */

/* Begin PBXFrameworksBuildPhase section */
		38AF8E7F2406FCC400608D01 /* Frameworks */ = {
			isa = PBXFrameworksBuildPhase;
			buildActionMask = 2147483647;
			files = (
			);
			runOnlyForDeploymentPostprocessing = 0;
		};
/* End PBXFrameworksBuildPhase section */

/* Begin PBXGroup section */
		05AD2A122407670C0051AC59 /* Model */ = {
			isa = PBXGroup;
			children = (
				05AD2A1A24076E0C0051AC59 /* AdLib.swift */,
			);
			path = Model;
			sourceTree = "<group>";
		};
		05AD2A13240767100051AC59 /* Model Controller */ = {
			isa = PBXGroup;
			children = (
				05AD2A1C24076E2D0051AC59 /* AdLibController.swift */,
				05AD2A1824076A880051AC59 /* StorySelector.swift */,
			);
			path = "Model Controller";
			sourceTree = "<group>";
		};
		05AD2A14240767130051AC59 /* View Controller */ = {
			isa = PBXGroup;
			children = (
				05AD2A16240767E30051AC59 /* AdLibCreatorViewController.swift */,
				05AD2A1E24077BD80051AC59 /* StoryViewController.swift */,
			);
			path = "View Controller";
			sourceTree = "<group>";
		};
		05AD2A15240767160051AC59 /* Views */ = {
			isa = PBXGroup;
			children = (
				38AF8EA624086A2400608D01 /* AdLibBookCollectionViewCell.swift */,
			);
			path = Views;
			sourceTree = "<group>";
		};
		38AF8E792406FCC400608D01 = {
			isa = PBXGroup;
			children = (
				38AF8E842406FCC400608D01 /* AdLibs */,
				38AF8E832406FCC400608D01 /* Products */,
			);
			sourceTree = "<group>";
		};
		38AF8E832406FCC400608D01 /* Products */ = {
			isa = PBXGroup;
			children = (
				38AF8E822406FCC400608D01 /* AdLibs.app */,
			);
			name = Products;
			sourceTree = "<group>";
		};
		38AF8E842406FCC400608D01 /* AdLibs */ = {
			isa = PBXGroup;
			children = (
				05AD2A15240767160051AC59 /* Views */,
				05AD2A14240767130051AC59 /* View Controller */,
				05AD2A13240767100051AC59 /* Model Controller */,
				05AD2A122407670C0051AC59 /* Model */,
				38AF8E852406FCC400608D01 /* AppDelegate.swift */,
				38AF8E872406FCC400608D01 /* SceneDelegate.swift */,
				38AF8E892406FCC400608D01 /* AdLibsViewController.swift */,
				38AF8E8B2406FCC400608D01 /* Main.storyboard */,
				38AF8E8E2406FCC600608D01 /* Assets.xcassets */,
				38AF8E902406FCC600608D01 /* LaunchScreen.storyboard */,
				38AF8E932406FCC600608D01 /* Info.plist */,
				38AF8EA12407105300608D01 /* Settings */,
				38AF8EA424086A0800608D01 /* AdLibBookCollectionViewController.swift */,
			);
			path = AdLibs;
			sourceTree = "<group>";
		};
		38AF8EA12407105300608D01 /* Settings */ = {
			isa = PBXGroup;
			children = (
				38AF8E9924070B6200608D01 /* SettingsViewController.swift */,
				38AF8E9B24070F6100608D01 /* String+UserDefaults.swift */,
				38AF8E9F24070FAF00608D01 /* ThemeHelper.swift */,
			);
			path = Settings;
			sourceTree = "<group>";
		};
/* End PBXGroup section */

/* Begin PBXNativeTarget section */
		38AF8E812406FCC400608D01 /* AdLibs */ = {
			isa = PBXNativeTarget;
			buildConfigurationList = 38AF8E962406FCC600608D01 /* Build configuration list for PBXNativeTarget "AdLibs" */;
			buildPhases = (
				38AF8E7E2406FCC400608D01 /* Sources */,
				38AF8E7F2406FCC400608D01 /* Frameworks */,
				38AF8E802406FCC400608D01 /* Resources */,
			);
			buildRules = (
			);
			dependencies = (
			);
			name = AdLibs;
			productName = AdLibs;
			productReference = 38AF8E822406FCC400608D01 /* AdLibs.app */;
			productType = "com.apple.product-type.application";
		};
/* End PBXNativeTarget section */

/* Begin PBXProject section */
		38AF8E7A2406FCC400608D01 /* Project object */ = {
			isa = PBXProject;
			attributes = {
				LastSwiftUpdateCheck = 1130;
				LastUpgradeCheck = 1130;
				ORGANIZATIONNAME = "david williams";
				TargetAttributes = {
					38AF8E812406FCC400608D01 = {
						CreatedOnToolsVersion = 11.3;
					};
				};
			};
			buildConfigurationList = 38AF8E7D2406FCC400608D01 /* Build configuration list for PBXProject "AdLibs" */;
			compatibilityVersion = "Xcode 9.3";
			developmentRegion = en;
			hasScannedForEncodings = 0;
			knownRegions = (
				en,
				Base,
			);
			mainGroup = 38AF8E792406FCC400608D01;
			productRefGroup = 38AF8E832406FCC400608D01 /* Products */;
			projectDirPath = "";
			projectRoot = "";
			targets = (
				38AF8E812406FCC400608D01 /* AdLibs */,
			);
		};
/* End PBXProject section */

/* Begin PBXResourcesBuildPhase section */
		38AF8E802406FCC400608D01 /* Resources */ = {
			isa = PBXResourcesBuildPhase;
			buildActionMask = 2147483647;
			files = (
				38AF8E922406FCC600608D01 /* LaunchScreen.storyboard in Resources */,
				38AF8E8F2406FCC600608D01 /* Assets.xcassets in Resources */,
				38AF8E8D2406FCC400608D01 /* Main.storyboard in Resources */,
			);
			runOnlyForDeploymentPostprocessing = 0;
		};
/* End PBXResourcesBuildPhase section */

/* Begin PBXSourcesBuildPhase section */
		38AF8E7E2406FCC400608D01 /* Sources */ = {
			isa = PBXSourcesBuildPhase;
			buildActionMask = 2147483647;
			files = (
				05AD2A1924076A880051AC59 /* StorySelector.swift in Sources */,
				05AD2A1B24076E0C0051AC59 /* AdLib.swift in Sources */,
				38AF8E8A2406FCC400608D01 /* AdLibsViewController.swift in Sources */,
				38AF8E862406FCC400608D01 /* AppDelegate.swift in Sources */,
				05AD2A1D24076E2D0051AC59 /* AdLibController.swift in Sources */,
				05AD2A17240767E30051AC59 /* AdLibCreatorViewController.swift in Sources */,
				38AF8E882406FCC400608D01 /* SceneDelegate.swift in Sources */,
				38AF8EA024070FAF00608D01 /* ThemeHelper.swift in Sources */,
				05AD2A1F24077BD80051AC59 /* StoryViewController.swift in Sources */,
				38AF8EA524086A0800608D01 /* AdLibBookCollectionViewController.swift in Sources */,
				38AF8EA724086A2400608D01 /* AdLibBookCollectionViewCell.swift in Sources */,
				38AF8E9A24070B6200608D01 /* SettingsViewController.swift in Sources */,
				38AF8E9C24070F6100608D01 /* String+UserDefaults.swift in Sources */,
			);
			runOnlyForDeploymentPostprocessing = 0;
		};
/* End PBXSourcesBuildPhase section */

/* Begin PBXVariantGroup section */
		38AF8E8B2406FCC400608D01 /* Main.storyboard */ = {
			isa = PBXVariantGroup;
			children = (
				38AF8E8C2406FCC400608D01 /* Base */,
			);
			name = Main.storyboard;
			sourceTree = "<group>";
		};
		38AF8E902406FCC600608D01 /* LaunchScreen.storyboard */ = {
			isa = PBXVariantGroup;
			children = (
				38AF8E912406FCC600608D01 /* Base */,
			);
			name = LaunchScreen.storyboard;
			sourceTree = "<group>";
		};
/* End PBXVariantGroup section */

/* Begin XCBuildConfiguration section */
		38AF8E942406FCC600608D01 /* Debug */ = {
			isa = XCBuildConfiguration;
			buildSettings = {
				ALWAYS_SEARCH_USER_PATHS = NO;
				CLANG_ANALYZER_NONNULL = YES;
				CLANG_ANALYZER_NUMBER_OBJECT_CONVERSION = YES_AGGRESSIVE;
				CLANG_CXX_LANGUAGE_STANDARD = "gnu++14";
				CLANG_CXX_LIBRARY = "libc++";
				CLANG_ENABLE_MODULES = YES;
				CLANG_ENABLE_OBJC_ARC = YES;
				CLANG_ENABLE_OBJC_WEAK = YES;
				CLANG_WARN_BLOCK_CAPTURE_AUTORELEASING = YES;
				CLANG_WARN_BOOL_CONVERSION = YES;
				CLANG_WARN_COMMA = YES;
				CLANG_WARN_CONSTANT_CONVERSION = YES;
				CLANG_WARN_DEPRECATED_OBJC_IMPLEMENTATIONS = YES;
				CLANG_WARN_DIRECT_OBJC_ISA_USAGE = YES_ERROR;
				CLANG_WARN_DOCUMENTATION_COMMENTS = YES;
				CLANG_WARN_EMPTY_BODY = YES;
				CLANG_WARN_ENUM_CONVERSION = YES;
				CLANG_WARN_INFINITE_RECURSION = YES;
				CLANG_WARN_INT_CONVERSION = YES;
				CLANG_WARN_NON_LITERAL_NULL_CONVERSION = YES;
				CLANG_WARN_OBJC_IMPLICIT_RETAIN_SELF = YES;
				CLANG_WARN_OBJC_LITERAL_CONVERSION = YES;
				CLANG_WARN_OBJC_ROOT_CLASS = YES_ERROR;
				CLANG_WARN_RANGE_LOOP_ANALYSIS = YES;
				CLANG_WARN_STRICT_PROTOTYPES = YES;
				CLANG_WARN_SUSPICIOUS_MOVE = YES;
				CLANG_WARN_UNGUARDED_AVAILABILITY = YES_AGGRESSIVE;
				CLANG_WARN_UNREACHABLE_CODE = YES;
				CLANG_WARN__DUPLICATE_METHOD_MATCH = YES;
				COPY_PHASE_STRIP = NO;
				DEBUG_INFORMATION_FORMAT = dwarf;
				ENABLE_STRICT_OBJC_MSGSEND = YES;
				ENABLE_TESTABILITY = YES;
				GCC_C_LANGUAGE_STANDARD = gnu11;
				GCC_DYNAMIC_NO_PIC = NO;
				GCC_NO_COMMON_BLOCKS = YES;
				GCC_OPTIMIZATION_LEVEL = 0;
				GCC_PREPROCESSOR_DEFINITIONS = (
					"DEBUG=1",
					"$(inherited)",
				);
				GCC_WARN_64_TO_32_BIT_CONVERSION = YES;
				GCC_WARN_ABOUT_RETURN_TYPE = YES_ERROR;
				GCC_WARN_UNDECLARED_SELECTOR = YES;
				GCC_WARN_UNINITIALIZED_AUTOS = YES_AGGRESSIVE;
				GCC_WARN_UNUSED_FUNCTION = YES;
				GCC_WARN_UNUSED_VARIABLE = YES;
				IPHONEOS_DEPLOYMENT_TARGET = 13.2;
				MTL_ENABLE_DEBUG_INFO = INCLUDE_SOURCE;
				MTL_FAST_MATH = YES;
				ONLY_ACTIVE_ARCH = YES;
				SDKROOT = iphoneos;
				SWIFT_ACTIVE_COMPILATION_CONDITIONS = DEBUG;
				SWIFT_OPTIMIZATION_LEVEL = "-Onone";
			};
			name = Debug;
		};
		38AF8E952406FCC600608D01 /* Release */ = {
			isa = XCBuildConfiguration;
			buildSettings = {
				ALWAYS_SEARCH_USER_PATHS = NO;
				CLANG_ANALYZER_NONNULL = YES;
				CLANG_ANALYZER_NUMBER_OBJECT_CONVERSION = YES_AGGRESSIVE;
				CLANG_CXX_LANGUAGE_STANDARD = "gnu++14";
				CLANG_CXX_LIBRARY = "libc++";
				CLANG_ENABLE_MODULES = YES;
				CLANG_ENABLE_OBJC_ARC = YES;
				CLANG_ENABLE_OBJC_WEAK = YES;
				CLANG_WARN_BLOCK_CAPTURE_AUTORELEASING = YES;
				CLANG_WARN_BOOL_CONVERSION = YES;
				CLANG_WARN_COMMA = YES;
				CLANG_WARN_CONSTANT_CONVERSION = YES;
				CLANG_WARN_DEPRECATED_OBJC_IMPLEMENTATIONS = YES;
				CLANG_WARN_DIRECT_OBJC_ISA_USAGE = YES_ERROR;
				CLANG_WARN_DOCUMENTATION_COMMENTS = YES;
				CLANG_WARN_EMPTY_BODY = YES;
				CLANG_WARN_ENUM_CONVERSION = YES;
				CLANG_WARN_INFINITE_RECURSION = YES;
				CLANG_WARN_INT_CONVERSION = YES;
				CLANG_WARN_NON_LITERAL_NULL_CONVERSION = YES;
				CLANG_WARN_OBJC_IMPLICIT_RETAIN_SELF = YES;
				CLANG_WARN_OBJC_LITERAL_CONVERSION = YES;
				CLANG_WARN_OBJC_ROOT_CLASS = YES_ERROR;
				CLANG_WARN_RANGE_LOOP_ANALYSIS = YES;
				CLANG_WARN_STRICT_PROTOTYPES = YES;
				CLANG_WARN_SUSPICIOUS_MOVE = YES;
				CLANG_WARN_UNGUARDED_AVAILABILITY = YES_AGGRESSIVE;
				CLANG_WARN_UNREACHABLE_CODE = YES;
				CLANG_WARN__DUPLICATE_METHOD_MATCH = YES;
				COPY_PHASE_STRIP = NO;
				DEBUG_INFORMATION_FORMAT = "dwarf-with-dsym";
				ENABLE_NS_ASSERTIONS = NO;
				ENABLE_STRICT_OBJC_MSGSEND = YES;
				GCC_C_LANGUAGE_STANDARD = gnu11;
				GCC_NO_COMMON_BLOCKS = YES;
				GCC_WARN_64_TO_32_BIT_CONVERSION = YES;
				GCC_WARN_ABOUT_RETURN_TYPE = YES_ERROR;
				GCC_WARN_UNDECLARED_SELECTOR = YES;
				GCC_WARN_UNINITIALIZED_AUTOS = YES_AGGRESSIVE;
				GCC_WARN_UNUSED_FUNCTION = YES;
				GCC_WARN_UNUSED_VARIABLE = YES;
				IPHONEOS_DEPLOYMENT_TARGET = 13.2;
				MTL_ENABLE_DEBUG_INFO = NO;
				MTL_FAST_MATH = YES;
				SDKROOT = iphoneos;
				SWIFT_COMPILATION_MODE = wholemodule;
				SWIFT_OPTIMIZATION_LEVEL = "-O";
				VALIDATE_PRODUCT = YES;
			};
			name = Release;
		};
		38AF8E972406FCC600608D01 /* Debug */ = {
			isa = XCBuildConfiguration;
			buildSettings = {
				ASSETCATALOG_COMPILER_APPICON_NAME = AppIcon;
				CODE_SIGN_STYLE = Automatic;
				DEVELOPMENT_TEAM = 88FS6F8B93;
				INFOPLIST_FILE = AdLibs/Info.plist;
				LD_RUNPATH_SEARCH_PATHS = (
					"$(inherited)",
					"@executable_path/Frameworks",
				);
				PRODUCT_BUNDLE_IDENTIFIER = com.davidWilliams.AdLibs;
				PRODUCT_NAME = "$(TARGET_NAME)";
				SWIFT_VERSION = 5.0;
				TARGETED_DEVICE_FAMILY = "1,2";
			};
			name = Debug;
		};
		38AF8E982406FCC600608D01 /* Release */ = {
			isa = XCBuildConfiguration;
			buildSettings = {
				ASSETCATALOG_COMPILER_APPICON_NAME = AppIcon;
				CODE_SIGN_STYLE = Automatic;
				DEVELOPMENT_TEAM = 88FS6F8B93;
				INFOPLIST_FILE = AdLibs/Info.plist;
				LD_RUNPATH_SEARCH_PATHS = (
					"$(inherited)",
					"@executable_path/Frameworks",
				);
				PRODUCT_BUNDLE_IDENTIFIER = com.davidWilliams.AdLibs;
				PRODUCT_NAME = "$(TARGET_NAME)";
				SWIFT_VERSION = 5.0;
				TARGETED_DEVICE_FAMILY = "1,2";
			};
			name = Release;
		};
/* End XCBuildConfiguration section */

/* Begin XCConfigurationList section */
		38AF8E7D2406FCC400608D01 /* Build configuration list for PBXProject "AdLibs" */ = {
			isa = XCConfigurationList;
			buildConfigurations = (
				38AF8E942406FCC600608D01 /* Debug */,
				38AF8E952406FCC600608D01 /* Release */,
			);
			defaultConfigurationIsVisible = 0;
			defaultConfigurationName = Release;
		};
		38AF8E962406FCC600608D01 /* Build configuration list for PBXNativeTarget "AdLibs" */ = {
			isa = XCConfigurationList;
			buildConfigurations = (
				38AF8E972406FCC600608D01 /* Debug */,
				38AF8E982406FCC600608D01 /* Release */,
			);
			defaultConfigurationIsVisible = 0;
			defaultConfigurationName = Release;
		};
/* End XCConfigurationList section */
	};
	rootObject = 38AF8E7A2406FCC400608D01 /* Project object */;
}
